Microsoft Visual Studio Solution File, Format Version 12.00
# Visual Studio Version 17
VisualStudioVersion = 17.0.31611.283
MinimumVisualStudioVersion = 10.0.40219.1
Project("{9A19103F-16F7-4668-BE54-9A1E7A4F7556}") = "GoldShopTesting", "GoldShopTesting\GoldShopTesting.csproj", "{11FDC8EC-F566-41D4-B026-5E68C3B1097F}"
EndProject
Global
	GlobalSection(SolutionConfigurationPlatforms) = preSolution
		Debug|Any CPU = Debug|Any CPU
		Release|Any CPU = Release|Any CPU
	EndGlobalSection
	GlobalSection(ProjectConfigurationPlatforms) = postSolution
		{11FDC8EC-F566-41D4-B026-5E68C3B1097F}.Debug|Any CPU.ActiveCfg = Debug|Any CPU
		{11FDC8EC-F566-41D4-B026-5E68C3B1097F}.Debug|Any CPU.Build.0 = Debug|Any CPU
		{11FDC8EC-F566-41D4-B026-5E68C3B1097F}.Debug|Any CPU.Deploy.0 = Debug|Any CPU
		{11FDC8EC-F566-41D4-B026-5E68C3B1097F}.Release|Any CPU.ActiveCfg = Release|Any CPU
		{11FDC8EC-F566-41D4-B026-5E68C3B1097F}.Release|Any CPU.Build.0 = Release|Any CPU
		{11FDC8EC-F566-41D4-B026-5E68C3B1097F}.Release|Any CPU.Deploy.0 = Release|Any CPU
	EndGlobalSection
	GlobalSection(SolutionProperties) = preSolution
		HideSolutionNode = FALSE
	EndGlobalSection
	GlobalSection(ExtensibilityGlobals) = postSolution
		        SolutionGuid = {61F7FB11-1E47-470C-91E2-47F8143E1572}
		SolutionGuid = {D0E51F47-F260-4CE6-AD45-CEE66E67584B}
	EndGlobalSection
EndGlobal
